
Microsoft Visual Studio Solution File, Format Version 12.00
# Visual Studio Version 16
VisualStudioVersion = 16.0.31605.320
MinimumVisualStudioVersion = 10.0.40219.1
Project("{2150E333-8FDC-42A3-9474-1A3956D46DE8}") = "Services", "Services", "{90CF7786-780F-495B-88BE-3710F1B80D83}"
EndProject
Project("{2150E333-8FDC-42A3-9474-1A3956D46DE8}") = "Catalog", "Catalog", "{6C5D91E9-2515-41C7-8215-A19D45AAD4EF}"
EndProject
Project("{9A19103F-16F7-4668-BE54-9A1E7A4F7556}") = "Catalog.API", "Services\Catalog\Catalog.API\Catalog.API.csproj", "{CC1061F3-8377-46F5-9A80-6DA27087CF0A}"
EndProject
Project("{E53339B2-1760-4266-BCC7-CA923CBCF16C}") = "docker-compose", "docker-compose.dcproj", "{1020CB77-2028-4AB0-9A29-DB6010444A20}"
EndProject
Project("{2150E333-8FDC-42A3-9474-1A3956D46DE8}") = "Basket", "Basket", "{8F576E4D-355F-4A4F-AAD6-F7B4CD000733}"
EndProject
Project("{9A19103F-16F7-4668-BE54-9A1E7A4F7556}") = "Basket.API", "Services\Basket\Basket.API\Basket.API.csproj", "{88BC85B2-0B23-492A-8C74-E6CB2DEB0A49}"
EndProject
Project("{2150E333-8FDC-42A3-9474-1A3956D46DE8}") = "Discount", "Discount", "{AD4C8237-D200-4D8A-9893-DE74FE560FCF}"
EndProject
Project("{9A19103F-16F7-4668-BE54-9A1E7A4F7556}") = "Discount.API", "Services\Discount\Discount.API\Discount.API.csproj", "{EE09A1C2-38F4-4AA1-B032-E1FF36CFB6F9}"
EndProject
Project("{9A19103F-16F7-4668-BE54-9A1E7A4F7556}") = "Discount.Grpc", "Services\Discount\Discount.Grpc\Discount.Grpc.csproj", "{0266AA65-AA58-4580-B5E0-1AD4A8ADD8C3}"
EndProject
Project("{2150E333-8FDC-42A3-9474-1A3956D46DE8}") = "Ordering", "Ordering", "{F5EB8742-AD4E-48E1-8BA0-42D695A3D7F3}"
EndProject
Project("{FAE04EC0-301F-11D3-BF4B-00C04F79EFBC}") = "Ordering.API", "Services\Ordering\Ordering.API\Ordering.API.csproj", "{F26241D5-29F5-43D1-91C2-730039C68A11}"
EndProject
Global
	GlobalSection(SolutionConfigurationPlatforms) = preSolution
		Debug|Any CPU = Debug|Any CPU
		Release|Any CPU = Release|Any CPU
	EndGlobalSection
	GlobalSection(ProjectConfigurationPlatforms) = postSolution
		{CC1061F3-8377-46F5-9A80-6DA27087CF0A}.Debug|Any CPU.ActiveCfg = Debug|Any CPU
		{CC1061F3-8377-46F5-9A80-6DA27087CF0A}.Debug|Any CPU.Build.0 = Debug|Any CPU
		{CC1061F3-8377-46F5-9A80-6DA27087CF0A}.Release|Any CPU.ActiveCfg = Release|Any CPU
		{CC1061F3-8377-46F5-9A80-6DA27087CF0A}.Release|Any CPU.Build.0 = Release|Any CPU
		{1020CB77-2028-4AB0-9A29-DB6010444A20}.Debug|Any CPU.ActiveCfg = Debug|Any CPU
		{1020CB77-2028-4AB0-9A29-DB6010444A20}.Debug|Any CPU.Build.0 = Debug|Any CPU
		{1020CB77-2028-4AB0-9A29-DB6010444A20}.Release|Any CPU.ActiveCfg = Release|Any CPU
		{1020CB77-2028-4AB0-9A29-DB6010444A20}.Release|Any CPU.Build.0 = Release|Any CPU
		{88BC85B2-0B23-492A-8C74-E6CB2DEB0A49}.Debug|Any CPU.ActiveCfg = Debug|Any CPU
		{88BC85B2-0B23-492A-8C74-E6CB2DEB0A49}.Debug|Any CPU.Build.0 = Debug|Any CPU
		{88BC85B2-0B23-492A-8C74-E6CB2DEB0A49}.Release|Any CPU.ActiveCfg = Release|Any CPU
		{88BC85B2-0B23-492A-8C74-E6CB2DEB0A49}.Release|Any CPU.Build.0 = Release|Any CPU
		{EE09A1C2-38F4-4AA1-B032-E1FF36CFB6F9}.Debug|Any CPU.ActiveCfg = Debug|Any CPU
		{EE09A1C2-38F4-4AA1-B032-E1FF36CFB6F9}.Debug|Any CPU.Build.0 = Debug|Any CPU
		{EE09A1C2-38F4-4AA1-B032-E1FF36CFB6F9}.Release|Any CPU.ActiveCfg = Release|Any CPU
		{EE09A1C2-38F4-4AA1-B032-E1FF36CFB6F9}.Release|Any CPU.Build.0 = Release|Any CPU
		{0266AA65-AA58-4580-B5E0-1AD4A8ADD8C3}.Debug|Any CPU.ActiveCfg = Debug|Any CPU
		{0266AA65-AA58-4580-B5E0-1AD4A8ADD8C3}.Debug|Any CPU.Build.0 = Debug|Any CPU
		{0266AA65-AA58-4580-B5E0-1AD4A8ADD8C3}.Release|Any CPU.ActiveCfg = Release|Any CPU
		{0266AA65-AA58-4580-B5E0-1AD4A8ADD8C3}.Release|Any CPU.Build.0 = Release|Any CPU
		{F26241D5-29F5-43D1-91C2-730039C68A11}.Debug|Any CPU.ActiveCfg = Debug|Any CPU
		{F26241D5-29F5-43D1-91C2-730039C68A11}.Debug|Any CPU.Build.0 = Debug|Any CPU
		{F26241D5-29F5-43D1-91C2-730039C68A11}.Release|Any CPU.ActiveCfg = Release|Any CPU
		{F26241D5-29F5-43D1-91C2-730039C68A11}.Release|Any CPU.Build.0 = Release|Any CPU
	EndGlobalSection
	GlobalSection(SolutionProperties) = preSolution
		HideSolutionNode = FALSE
	EndGlobalSection
	GlobalSection(NestedProjects) = preSolution
		{6C5D91E9-2515-41C7-8215-A19D45AAD4EF} = {90CF7786-780F-495B-88BE-3710F1B80D83}
		{CC1061F3-8377-46F5-9A80-6DA27087CF0A} = {6C5D91E9-2515-41C7-8215-A19D45AAD4EF}
		{8F576E4D-355F-4A4F-AAD6-F7B4CD000733} = {90CF7786-780F-495B-88BE-3710F1B80D83}
		{88BC85B2-0B23-492A-8C74-E6CB2DEB0A49} = {8F576E4D-355F-4A4F-AAD6-F7B4CD000733}
		{AD4C8237-D200-4D8A-9893-DE74FE560FCF} = {90CF7786-780F-495B-88BE-3710F1B80D83}
		{EE09A1C2-38F4-4AA1-B032-E1FF36CFB6F9} = {AD4C8237-D200-4D8A-9893-DE74FE560FCF}
		{0266AA65-AA58-4580-B5E0-1AD4A8ADD8C3} = {AD4C8237-D200-4D8A-9893-DE74FE560FCF}
		{F5EB8742-AD4E-48E1-8BA0-42D695A3D7F3} = {90CF7786-780F-495B-88BE-3710F1B80D83}
		{F26241D5-29F5-43D1-91C2-730039C68A11} = {F5EB8742-AD4E-48E1-8BA0-42D695A3D7F3}
	EndGlobalSection
	GlobalSection(ExtensibilityGlobals) = postSolution
		SolutionGuid = {27AEAF16-5624-4088-8BEB-D1106FC50AE4}
	EndGlobalSection
EndGlobal
